
Microsoft Visual Studio Solution File, Format Version 12.00
# Visual Studio Version 17
VisualStudioVersion = 17.7.34031.279
MinimumVisualStudioVersion = 10.0.40219.1
Project("{FAE04EC0-301F-11D3-BF4B-00C04F79EFBC}") = "Resplado", "Resplado.csproj", "{F5A69C26-2669-4AF2-BE5F-8DD190D9D301}"
EndProject
Global
	GlobalSection(SolutionConfigurationPlatforms) = preSolution
		Debug|Any CPU = Debug|Any CPU
		Release|Any CPU = Release|Any CPU
	EndGlobalSection
	GlobalSection(ProjectConfigurationPlatforms) = postSolution
		{F5A69C26-2669-4AF2-BE5F-8DD190D9D301}.Debug|Any CPU.ActiveCfg = Debug|Any CPU
		{F5A69C26-2669-4AF2-BE5F-8DD190D9D301}.Debug|Any CPU.Build.0 = Debug|Any CPU
		{F5A69C26-2669-4AF2-BE5F-8DD190D9D301}.Release|Any CPU.ActiveCfg = Release|Any CPU
		{F5A69C26-2669-4AF2-BE5F-8DD190D9D301}.Release|Any CPU.Build.0 = Release|Any CPU
	EndGlobalSection
	GlobalSection(SolutionProperties) = preSolution
		HideSolutionNode = FALSE
	EndGlobalSection
	GlobalSection(ExtensibilityGlobals) = postSolution
		SolutionGuid = {9CF70FEF-3FA9-48AE-B152-B6E7B92DB9F4}
	EndGlobalSection
EndGlobal
